
Microsoft Visual Studio Solution File, Format Version 12.00
# Visual Studio 15
VisualStudioVersion = 15.0.28307.705
MinimumVisualStudioVersion = 10.0.40219.1
Project("{FAE04EC0-301F-11D3-BF4B-00C04F79EFBC}") = "AspNetCore_AAD_B2C", "AspNetCore_AAD_B2C\AspNetCore_AAD_B2C.csproj", "{1CB93E26-3958-4BEB-A994-989B23229E1E}"
EndProject
Global
	GlobalSection(SolutionConfigurationPlatforms) = preSolution
		Debug|Any CPU = Debug|Any CPU
		Release|Any CPU = Release|Any CPU
	EndGlobalSection
	GlobalSection(ProjectConfigurationPlatforms) = postSolution
		{1CB93E26-3958-4BEB-A994-989B23229E1E}.Debug|Any CPU.ActiveCfg = Debug|Any CPU
		{1CB93E26-3958-4BEB-A994-989B23229E1E}.Debug|Any CPU.Build.0 = Debug|Any CPU
		{1CB93E26-3958-4BEB-A994-989B23229E1E}.Release|Any CPU.ActiveCfg = Release|Any CPU
		{1CB93E26-3958-4BEB-A994-989B23229E1E}.Release|Any CPU.Build.0 = Release|Any CPU
	EndGlobalSection
	GlobalSection(SolutionProperties) = preSolution
		HideSolutionNode = FALSE
	EndGlobalSection
	GlobalSection(ExtensibilityGlobals) = postSolution
		SolutionGuid = {5AE54319-17F0-499A-8DBF-2343C1E86A4E}
	EndGlobalSection
EndGlobal
